
Microsoft Visual Studio Solution File, Format Version 10.00
# Visual Studio 2008
Project("{8BC9CEB8-8B4A-11D0-8D11-00A0C91BC942}") = "ftp_client", "ftp_client\ftp_client.vcproj", "{AE5BF7C4-52D5-4669-8916-18E0E2297B07}"
EndProject
Global
	GlobalSection(SolutionConfigurationPlatforms) = preSolution
		Debug|Win32 = Debug|Win32
		Release|Win32 = Release|Win32
	EndGlobalSection
	GlobalSection(ProjectConfigurationPlatforms) = postSolution
		{AE5BF7C4-52D5-4669-8916-18E0E2297B07}.Debug|Win32.ActiveCfg = Debug|Win32
		{AE5BF7C4-52D5-4669-8916-18E0E2297B07}.Debug|Win32.Build.0 = Debug|Win32
		{AE5BF7C4-52D5-4669-8916-18E0E2297B07}.Release|Win32.ActiveCfg = Release|Win32
		{AE5BF7C4-52D5-4669-8916-18E0E2297B07}.Release|Win32.Build.0 = Release|Win32
	EndGlobalSection
	GlobalSection(SolutionProperties) = preSolution
		HideSolutionNode = FALSE
	EndGlobalSection
	GlobalSection(ExtensibilityGlobals) = postSolution
		VisualSVNWorkingCopyRoot = .
	EndGlobalSection
EndGlobal
